// !$*UTF8*$!
{
	archiveVersion = 1;
	classes = {
	};
	objectVersion = 50;
	objects = {

/* Begin PBXBuildFile section */
		8D0D703323EF211F0024D6BD /* northShuttle.swift in Sources */ = {isa = PBXBuildFile; fileRef = 8D0D703223EF211F0024D6BD /* northShuttle.swift */; };
		8D0D703523EF22A00024D6BD /* holidayShuttle.swift in Sources */ = {isa = PBXBuildFile; fileRef = 8D0D703423EF22A00024D6BD /* holidayShuttle.swift */; };
		8D0D703723EF23970024D6BD /* commonsShuttle.swift in Sources */ = {isa = PBXBuildFile; fileRef = 8D0D703623EF23970024D6BD /* commonsShuttle.swift */; };
		8D0D703923EF23FF0024D6BD /* southShuttle.swift in Sources */ = {isa = PBXBuildFile; fileRef = 8D0D703823EF23FF0024D6BD /* southShuttle.swift */; };
		8D319D9123EE29760084567E /* AppDelegate.swift in Sources */ = {isa = PBXBuildFile; fileRef = 8D319D9023EE29760084567E /* AppDelegate.swift */; };
		8D319D9323EE29760084567E /* SceneDelegate.swift in Sources */ = {isa = PBXBuildFile; fileRef = 8D319D9223EE29760084567E /* SceneDelegate.swift */; };
		8D319D9523EE29760084567E /* ViewController.swift in Sources */ = {isa = PBXBuildFile; fileRef = 8D319D9423EE29760084567E /* ViewController.swift */; };
		8D319D9823EE29760084567E /* Main.storyboard in Resources */ = {isa = PBXBuildFile; fileRef = 8D319D9623EE29760084567E /* Main.storyboard */; };
		8D319D9A23EE29770084567E /* Assets.xcassets in Resources */ = {isa = PBXBuildFile; fileRef = 8D319D9923EE29770084567E /* Assets.xcassets */; };
		8D319D9D23EE29770084567E /* LaunchScreen.storyboard in Resources */ = {isa = PBXBuildFile; fileRef = 8D319D9B23EE29770084567E /* LaunchScreen.storyboard */; };
		8D319DA823EE29770084567E /* DSUTests.swift in Sources */ = {isa = PBXBuildFile; fileRef = 8D319DA723EE29770084567E /* DSUTests.swift */; };
		8D319DB323EE29780084567E /* DSUUITests.swift in Sources */ = {isa = PBXBuildFile; fileRef = 8D319DB223EE29780084567E /* DSUUITests.swift */; };
		8D319DC923EE4BBD0084567E /* EventsViewController.swift in Sources */ = {isa = PBXBuildFile; fileRef = 8D319DC823EE4BBD0084567E /* EventsViewController.swift */; };
		8D319DCB23EE4C250084567E /* ShuttleViewController.swift in Sources */ = {isa = PBXBuildFile; fileRef = 8D319DCA23EE4C250084567E /* ShuttleViewController.swift */; };
		8D319DCD23EE4C7A0084567E /* BannerViewController.swift in Sources */ = {isa = PBXBuildFile; fileRef = 8D319DCC23EE4C7A0084567E /* BannerViewController.swift */; };
		8D319DCF23EE5BBC0084567E /* MapsViewController.swift in Sources */ = {isa = PBXBuildFile; fileRef = 8D319DCE23EE5BBC0084567E /* MapsViewController.swift */; };
/* End PBXBuildFile section */

/* Begin PBXContainerItemProxy section */
		8D319DA423EE29770084567E /* PBXContainerItemProxy */ = {
			isa = PBXContainerItemProxy;
			containerPortal = 8D319D8523EE29760084567E /* Project object */;
			proxyType = 1;
			remoteGlobalIDString = 8D319D8C23EE29760084567E;
			remoteInfo = DSU;
		};
		8D319DAF23EE29780084567E /* PBXContainerItemProxy */ = {
			isa = PBXContainerItemProxy;
			containerPortal = 8D319D8523EE29760084567E /* Project object */;
			proxyType = 1;
			remoteGlobalIDString = 8D319D8C23EE29760084567E;
			remoteInfo = DSU;
		};
/* End PBXContainerItemProxy section */

/* Begin PBXFileReference section */
		8D0D703223EF211F0024D6BD /* northShuttle.swift */ = {isa = PBXFileReference; lastKnownFileType = sourcecode.swift; path = northShuttle.swift; sourceTree = "<group>"; };
		8D0D703423EF22A00024D6BD /* holidayShuttle.swift */ = {isa = PBXFileReference; lastKnownFileType = sourcecode.swift; path = holidayShuttle.swift; sourceTree = "<group>"; };
		8D0D703623EF23970024D6BD /* commonsShuttle.swift */ = {isa = PBXFileReference; lastKnownFileType = sourcecode.swift; path = commonsShuttle.swift; sourceTree = "<group>"; };
		8D0D703823EF23FF0024D6BD /* southShuttle.swift */ = {isa = PBXFileReference; lastKnownFileType = sourcecode.swift; path = southShuttle.swift; sourceTree = "<group>"; };
		8D319D8D23EE29760084567E /* DSU.app */ = {isa = PBXFileReference; explicitFileType = wrapper.application; includeInIndex = 0; path = DSU.app; sourceTree = BUILT_PRODUCTS_DIR; };
		8D319D9023EE29760084567E /* AppDelegate.swift */ = {isa = PBXFileReference; lastKnownFileType = sourcecode.swift; path = AppDelegate.swift; sourceTree = "<group>"; };
		8D319D9223EE29760084567E /* SceneDelegate.swift */ = {isa = PBXFileReference; lastKnownFileType = sourcecode.swift; path = SceneDelegate.swift; sourceTree = "<group>"; };
		8D319D9423EE29760084567E /* ViewController.swift */ = {isa = PBXFileReference; lastKnownFileType = sourcecode.swift; path = ViewController.swift; sourceTree = "<group>"; };
		8D319D9723EE29760084567E /* Base */ = {isa = PBXFileReference; lastKnownFileType = file.storyboard; name = Base; path = Base.lproj/Main.storyboard; sourceTree = "<group>"; };
		8D319D9923EE29770084567E /* Assets.xcassets */ = {isa = PBXFileReference; lastKnownFileType = folder.assetcatalog; path = Assets.xcassets; sourceTree = "<group>"; };
		8D319D9C23EE29770084567E /* Base */ = {isa = PBXFileReference; lastKnownFileType = file.storyboard; name = Base; path = Base.lproj/LaunchScreen.storyboard; sourceTree = "<group>"; };
		8D319D9E23EE29770084567E /* Info.plist */ = {isa = PBXFileReference; lastKnownFileType = text.plist.xml; path = Info.plist; sourceTree = "<group>"; };
		8D319DA323EE29770084567E /* DSUTests.xctest */ = {isa = PBXFileReference; explicitFileType = wrapper.cfbundle; includeInIndex = 0; path = DSUTests.xctest; sourceTree = BUILT_PRODUCTS_DIR; };
		8D319DA723EE29770084567E /* DSUTests.swift */ = {isa = PBXFileReference; lastKnownFileType = sourcecode.swift; path = DSUTests.swift; sourceTree = "<group>"; };
		8D319DA923EE29770084567E /* Info.plist */ = {isa = PBXFileReference; lastKnownFileType = text.plist.xml; path = Info.plist; sourceTree = "<group>"; };
		8D319DAE23EE29780084567E /* DSUUITests.xctest */ = {isa = PBXFileReference; explicitFileType = wrapper.cfbundle; includeInIndex = 0; path = DSUUITests.xctest; sourceTree = BUILT_PRODUCTS_DIR; };
		8D319DB223EE29780084567E /* DSUUITests.swift */ = {isa = PBXFileReference; lastKnownFileType = sourcecode.swift; path = DSUUITests.swift; sourceTree = "<group>"; };
		8D319DB423EE29780084567E /* Info.plist */ = {isa = PBXFileReference; lastKnownFileType = text.plist.xml; path = Info.plist; sourceTree = "<group>"; };
		8D319DC823EE4BBD0084567E /* EventsViewController.swift */ = {isa = PBXFileReference; lastKnownFileType = sourcecode.swift; path = EventsViewController.swift; sourceTree = "<group>"; };
		8D319DCA23EE4C250084567E /* ShuttleViewController.swift */ = {isa = PBXFileReference; lastKnownFileType = sourcecode.swift; path = ShuttleViewController.swift; sourceTree = "<group>"; };
		8D319DCC23EE4C7A0084567E /* BannerViewController.swift */ = {isa = PBXFileReference; lastKnownFileType = sourcecode.swift; path = BannerViewController.swift; sourceTree = "<group>"; };
		8D319DCE23EE5BBC0084567E /* MapsViewController.swift */ = {isa = PBXFileReference; fileEncoding = 4; lastKnownFileType = sourcecode.swift; path = MapsViewController.swift; sourceTree = "<group>"; };
/* End PBXFileReference section */

/* Begin PBXFrameworksBuildPhase section */
		8D319D8A23EE29760084567E /* Frameworks */ = {
			isa = PBXFrameworksBuildPhase;
			buildActionMask = 2147483647;
			files = (
			);
			runOnlyForDeploymentPostprocessing = 0;
		};
		8D319DA023EE29770084567E /* Frameworks */ = {
			isa = PBXFrameworksBuildPhase;
			buildActionMask = 2147483647;
			files = (
			);
			runOnlyForDeploymentPostprocessing = 0;
		};
		8D319DAB23EE29780084567E /* Frameworks */ = {
			isa = PBXFrameworksBuildPhase;
			buildActionMask = 2147483647;
			files = (
			);
			runOnlyForDeploymentPostprocessing = 0;
		};
/* End PBXFrameworksBuildPhase section */

/* Begin PBXGroup section */
		8D319D8423EE29760084567E = {
			isa = PBXGroup;
			children = (
				8D319D8F23EE29760084567E /* DSU */,
				8D319DA623EE29770084567E /* DSUTests */,
				8D319DB123EE29780084567E /* DSUUITests */,
				8D319D8E23EE29760084567E /* Products */,
			);
			sourceTree = "<group>";
		};
		8D319D8E23EE29760084567E /* Products */ = {
			isa = PBXGroup;
			children = (
				8D319D8D23EE29760084567E /* DSU.app */,
				8D319DA323EE29770084567E /* DSUTests.xctest */,
				8D319DAE23EE29780084567E /* DSUUITests.xctest */,
			);
			name = Products;
			sourceTree = "<group>";
		};
		8D319D8F23EE29760084567E /* DSU */ = {
			isa = PBXGroup;
			children = (
				8D319DCE23EE5BBC0084567E /* MapsViewController.swift */,
				8D319D9023EE29760084567E /* AppDelegate.swift */,
				8D319D9223EE29760084567E /* SceneDelegate.swift */,
				8D319D9423EE29760084567E /* ViewController.swift */,
				8D0D703223EF211F0024D6BD /* northShuttle.swift */,
				8D0D703423EF22A00024D6BD /* holidayShuttle.swift */,
				8D319D9623EE29760084567E /* Main.storyboard */,
				8D0D703823EF23FF0024D6BD /* southShuttle.swift */,
				8D0D703623EF23970024D6BD /* commonsShuttle.swift */,
				8D319DCC23EE4C7A0084567E /* BannerViewController.swift */,
				8D319DCA23EE4C250084567E /* ShuttleViewController.swift */,
				8D319DC823EE4BBD0084567E /* EventsViewController.swift */,
				8D319D9923EE29770084567E /* Assets.xcassets */,
				8D319D9B23EE29770084567E /* LaunchScreen.storyboard */,
				8D319D9E23EE29770084567E /* Info.plist */,
			);
			path = DSU;
			sourceTree = "<group>";
		};
		8D319DA623EE29770084567E /* DSUTests */ = {
			isa = PBXGroup;
			children = (
				8D319DA723EE29770084567E /* DSUTests.swift */,
				8D319DA923EE29770084567E /* Info.plist */,
			);
			path = DSUTests;
			sourceTree = "<group>";
		};
		8D319DB123EE29780084567E /* DSUUITests */ = {
			isa = PBXGroup;
			children = (
				8D319DB223EE29780084567E /* DSUUITests.swift */,
				8D319DB423EE29780084567E /* Info.plist */,
			);
			path = DSUUITests;
			sourceTree = "<group>";
		};
/* End PBXGroup section */

/* Begin PBXNativeTarget section */
		8D319D8C23EE29760084567E /* DSU */ = {
			isa = PBXNativeTarget;
			buildConfigurationList = 8D319DB723EE29780084567E /* Build configuration list for PBXNativeTarget "DSU" */;
			buildPhases = (
				8D319D8923EE29760084567E /* Sources */,
				8D319D8A23EE29760084567E /* Frameworks */,
				8D319D8B23EE29760084567E /* Resources */,
			);
			buildRules = (
			);
			dependencies = (
			);
			name = DSU;
			productName = DSU;
			productReference = 8D319D8D23EE29760084567E /* DSU.app */;
			productType = "com.apple.product-type.application";
		};
		8D319DA223EE29770084567E /* DSUTests */ = {
			isa = PBXNativeTarget;
			buildConfigurationList = 8D319DBA23EE29780084567E /* Build configuration list for PBXNativeTarget "DSUTests" */;
			buildPhases = (
				8D319D9F23EE29770084567E /* Sources */,
				8D319DA023EE29770084567E /* Frameworks */,
				8D319DA123EE29770084567E /* Resources */,
			);
			buildRules = (
			);
			dependencies = (
				8D319DA523EE29770084567E /* PBXTargetDependency */,
			);
			name = DSUTests;
			productName = DSUTests;
			productReference = 8D319DA323EE29770084567E /* DSUTests.xctest */;
			productType = "com.apple.product-type.bundle.unit-test";
		};
		8D319DAD23EE29780084567E /* DSUUITests */ = {
			isa = PBXNativeTarget;
			buildConfigurationList = 8D319DBD23EE29780084567E /* Build configuration list for PBXNativeTarget "DSUUITests" */;
			buildPhases = (
				8D319DAA23EE29780084567E /* Sources */,
				8D319DAB23EE29780084567E /* Frameworks */,
				8D319DAC23EE29780084567E /* Resources */,
			);
			buildRules = (
			);
			dependencies = (
				8D319DB023EE29780084567E /* PBXTargetDependency */,
			);
			name = DSUUITests;
			productName = DSUUITests;
			productReference = 8D319DAE23EE29780084567E /* DSUUITests.xctest */;
			productType = "com.apple.product-type.bundle.ui-testing";
		};
/* End PBXNativeTarget section */

/* Begin PBXProject section */
		8D319D8523EE29760084567E /* Project object */ = {
			isa = PBXProject;
			attributes = {
				LastSwiftUpdateCheck = 1130;
				LastUpgradeCheck = 1130;
				ORGANIZATIONNAME = "Paola Camacho";
				TargetAttributes = {
					8D319D8C23EE29760084567E = {
						CreatedOnToolsVersion = 11.3.1;
					};
					8D319DA223EE29770084567E = {
						CreatedOnToolsVersion = 11.3.1;
						TestTargetID = 8D319D8C23EE29760084567E;
					};
					8D319DAD23EE29780084567E = {
						CreatedOnToolsVersion = 11.3.1;
						TestTargetID = 8D319D8C23EE29760084567E;
					};
				};
			};
			buildConfigurationList = 8D319D8823EE29760084567E /* Build configuration list for PBXProject "DSU" */;
			compatibilityVersion = "Xcode 9.3";
			developmentRegion = en;
			hasScannedForEncodings = 0;
			knownRegions = (
				en,
				Base,
			);
			mainGroup = 8D319D8423EE29760084567E;
			productRefGroup = 8D319D8E23EE29760084567E /* Products */;
			projectDirPath = "";
			projectRoot = "";
			targets = (
				8D319D8C23EE29760084567E /* DSU */,
				8D319DA223EE29770084567E /* DSUTests */,
				8D319DAD23EE29780084567E /* DSUUITests */,
			);
		};
/* End PBXProject section */

/* Begin PBXResourcesBuildPhase section */
		8D319D8B23EE29760084567E /* Resources */ = {
			isa = PBXResourcesBuildPhase;
			buildActionMask = 2147483647;
			files = (
				8D319D9D23EE29770084567E /* LaunchScreen.storyboard in Resources */,
				8D319D9A23EE29770084567E /* Assets.xcassets in Resources */,
				8D319D9823EE29760084567E /* Main.storyboard in Resources */,
			);
			runOnlyForDeploymentPostprocessing = 0;
		};
		8D319DA123EE29770084567E /* Resources */ = {
			isa = PBXResourcesBuildPhase;
			buildActionMask = 2147483647;
			files = (
			);
			runOnlyForDeploymentPostprocessing = 0;
		};
		8D319DAC23EE29780084567E /* Resources */ = {
			isa = PBXResourcesBuildPhase;
			buildActionMask = 2147483647;
			files = (
			);
			runOnlyForDeploymentPostprocessing = 0;
		};
/* End PBXResourcesBuildPhase section */

/* Begin PBXSourcesBuildPhase section */
		8D319D8923EE29760084567E /* Sources */ = {
			isa = PBXSourcesBuildPhase;
			buildActionMask = 2147483647;
			files = (
				8D319DCB23EE4C250084567E /* ShuttleViewController.swift in Sources */,
				8D0D703323EF211F0024D6BD /* northShuttle.swift in Sources */,
				8D319D9523EE29760084567E /* ViewController.swift in Sources */,
				8D319DCF23EE5BBC0084567E /* MapsViewController.swift in Sources */,
				8D319D9123EE29760084567E /* AppDelegate.swift in Sources */,
				8D319D9323EE29760084567E /* SceneDelegate.swift in Sources */,
				8D0D703723EF23970024D6BD /* commonsShuttle.swift in Sources */,
				8D319DC923EE4BBD0084567E /* EventsViewController.swift in Sources */,
				8D319DCD23EE4C7A0084567E /* BannerViewController.swift in Sources */,
				8D0D703523EF22A00024D6BD /* holidayShuttle.swift in Sources */,
				8D0D703923EF23FF0024D6BD /* southShuttle.swift in Sources */,
			);
			runOnlyForDeploymentPostprocessing = 0;
		};
		8D319D9F23EE29770084567E /* Sources */ = {
			isa = PBXSourcesBuildPhase;
			buildActionMask = 2147483647;
			files = (
				8D319DA823EE29770084567E /* DSUTests.swift in Sources */,
			);
			runOnlyForDeploymentPostprocessing = 0;
		};
		8D319DAA23EE29780084567E /* Sources */ = {
			isa = PBXSourcesBuildPhase;
			buildActionMask = 2147483647;
			files = (
				8D319DB323EE29780084567E /* DSUUITests.swift in Sources */,
			);
			runOnlyForDeploymentPostprocessing = 0;
		};
/* End PBXSourcesBuildPhase section */

/* Begin PBXTargetDependency section */
		8D319DA523EE29770084567E /* PBXTargetDependency */ = {
			isa = PBXTargetDependency;
			target = 8D319D8C23EE29760084567E /* DSU */;
			targetProxy = 8D319DA423EE29770084567E /* PBXContainerItemProxy */;
		};
		8D319DB023EE29780084567E /* PBXTargetDependency */ = {
			isa = PBXTargetDependency;
			target = 8D319D8C23EE29760084567E /* DSU */;
			targetProxy = 8D319DAF23EE29780084567E /* PBXContainerItemProxy */;
		};
/* End PBXTargetDependency section */

/* Begin PBXVariantGroup section */
		8D319D9623EE29760084567E /* Main.storyboard */ = {
			isa = PBXVariantGroup;
			children = (
				8D319D9723EE29760084567E /* Base */,
			);
			name = Main.storyboard;
			sourceTree = "<group>";
		};
		8D319D9B23EE29770084567E /* LaunchScreen.storyboard */ = {
			isa = PBXVariantGroup;
			children = (
				8D319D9C23EE29770084567E /* Base */,
			);
			name = LaunchScreen.storyboard;
			sourceTree = "<group>";
		};
/* End PBXVariantGroup section */

/* Begin XCBuildConfiguration section */
		8D319DB523EE29780084567E /* Debug */ = {
			isa = XCBuildConfiguration;
			buildSettings = {
				ALWAYS_SEARCH_USER_PATHS = NO;
				CLANG_ANALYZER_NONNULL = YES;
				CLANG_ANALYZER_NUMBER_OBJECT_CONVERSION = YES_AGGRESSIVE;
				CLANG_CXX_LANGUAGE_STANDARD = "gnu++14";
				CLANG_CXX_LIBRARY = "libc++";
				CLANG_ENABLE_MODULES = YES;
				CLANG_ENABLE_OBJC_ARC = YES;
				CLANG_ENABLE_OBJC_WEAK = YES;
				CLANG_WARN_BLOCK_CAPTURE_AUTORELEASING = YES;
				CLANG_WARN_BOOL_CONVERSION = YES;
				CLANG_WARN_COMMA = YES;
				CLANG_WARN_CONSTANT_CONVERSION = YES;
				CLANG_WARN_DEPRECATED_OBJC_IMPLEMENTATIONS = YES;
				CLANG_WARN_DIRECT_OBJC_ISA_USAGE = YES_ERROR;
				CLANG_WARN_DOCUMENTATION_COMMENTS = YES;
				CLANG_WARN_EMPTY_BODY = YES;
				CLANG_WARN_ENUM_CONVERSION = YES;
				CLANG_WARN_INFINITE_RECURSION = YES;
				CLANG_WARN_INT_CONVERSION = YES;
				CLANG_WARN_NON_LITERAL_NULL_CONVERSION = YES;
				CLANG_WARN_OBJC_IMPLICIT_RETAIN_SELF = YES;
				CLANG_WARN_OBJC_LITERAL_CONVERSION = YES;
				CLANG_WARN_OBJC_ROOT_CLASS = YES_ERROR;
				CLANG_WARN_RANGE_LOOP_ANALYSIS = YES;
				CLANG_WARN_STRICT_PROTOTYPES = YES;
				CLANG_WARN_SUSPICIOUS_MOVE = YES;
				CLANG_WARN_UNGUARDED_AVAILABILITY = YES_AGGRESSIVE;
				CLANG_WARN_UNREACHABLE_CODE = YES;
				CLANG_WARN__DUPLICATE_METHOD_MATCH = YES;
				COPY_PHASE_STRIP = NO;
				DEBUG_INFORMATION_FORMAT = dwarf;
				ENABLE_STRICT_OBJC_MSGSEND = YES;
				ENABLE_TESTABILITY = YES;
				GCC_C_LANGUAGE_STANDARD = gnu11;
				GCC_DYNAMIC_NO_PIC = NO;
				GCC_NO_COMMON_BLOCKS = YES;
				GCC_OPTIMIZATION_LEVEL = 0;
				GCC_PREPROCESSOR_DEFINITIONS = (
					"DEBUG=1",
					"$(inherited)",
				);
				GCC_WARN_64_TO_32_BIT_CONVERSION = YES;
				GCC_WARN_ABOUT_RETURN_TYPE = YES_ERROR;
				GCC_WARN_UNDECLARED_SELECTOR = YES;
				GCC_WARN_UNINITIALIZED_AUTOS = YES_AGGRESSIVE;
				GCC_WARN_UNUSED_FUNCTION = YES;
				GCC_WARN_UNUSED_VARIABLE = YES;
				IPHONEOS_DEPLOYMENT_TARGET = 13.2;
				MTL_ENABLE_DEBUG_INFO = INCLUDE_SOURCE;
				MTL_FAST_MATH = YES;
				ONLY_ACTIVE_ARCH = YES;
				SDKROOT = iphoneos;
				SWIFT_ACTIVE_COMPILATION_CONDITIONS = DEBUG;
				SWIFT_OPTIMIZATION_LEVEL = "-Onone";
			};
			name = Debug;
		};
		8D319DB623EE29780084567E /* Release */ = {
			isa = XCBuildConfiguration;
			buildSettings = {
				ALWAYS_SEARCH_USER_PATHS = NO;
				CLANG_ANALYZER_NONNULL = YES;
				CLANG_ANALYZER_NUMBER_OBJECT_CONVERSION = YES_AGGRESSIVE;
				CLANG_CXX_LANGUAGE_STANDARD = "gnu++14";
				CLANG_CXX_LIBRARY = "libc++";
				CLANG_ENABLE_MODULES = YES;
				CLANG_ENABLE_OBJC_ARC = YES;
				CLANG_ENABLE_OBJC_WEAK = YES;
				CLANG_WARN_BLOCK_CAPTURE_AUTORELEASING = YES;
				CLANG_WARN_BOOL_CONVERSION = YES;
				CLANG_WARN_COMMA = YES;
				CLANG_WARN_CONSTANT_CONVERSION = YES;
				CLANG_WARN_DEPRECATED_OBJC_IMPLEMENTATIONS = YES;
				CLANG_WARN_DIRECT_OBJC_ISA_USAGE = YES_ERROR;
				CLANG_WARN_DOCUMENTATION_COMMENTS = YES;
				CLANG_WARN_EMPTY_BODY = YES;
				CLANG_WARN_ENUM_CONVERSION = YES;
				CLANG_WARN_INFINITE_RECURSION = YES;
				CLANG_WARN_INT_CONVERSION = YES;
				CLANG_WARN_NON_LITERAL_NULL_CONVERSION = YES;
				CLANG_WARN_OBJC_IMPLICIT_RETAIN_SELF = YES;
				CLANG_WARN_OBJC_LITERAL_CONVERSION = YES;
				CLANG_WARN_OBJC_ROOT_CLASS = YES_ERROR;
				CLANG_WARN_RANGE_LOOP_ANALYSIS = YES;
				CLANG_WARN_STRICT_PROTOTYPES = YES;
				CLANG_WARN_SUSPICIOUS_MOVE = YES;
				CLANG_WARN_UNGUARDED_AVAILABILITY = YES_AGGRESSIVE;
				CLANG_WARN_UNREACHABLE_CODE = YES;
				CLANG_WARN__DUPLICATE_METHOD_MATCH = YES;
				COPY_PHASE_STRIP = NO;
				DEBUG_INFORMATION_FORMAT = "dwarf-with-dsym";
				ENABLE_NS_ASSERTIONS = NO;
				ENABLE_STRICT_OBJC_MSGSEND = YES;
				GCC_C_LANGUAGE_STANDARD = gnu11;
				GCC_NO_COMMON_BLOCKS = YES;
				GCC_WARN_64_TO_32_BIT_CONVERSION = YES;
				GCC_WARN_ABOUT_RETURN_TYPE = YES_ERROR;
				GCC_WARN_UNDECLARED_SELECTOR = YES;
				GCC_WARN_UNINITIALIZED_AUTOS = YES_AGGRESSIVE;
				GCC_WARN_UNUSED_FUNCTION = YES;
				GCC_WARN_UNUSED_VARIABLE = YES;
				IPHONEOS_DEPLOYMENT_TARGET = 13.2;
				MTL_ENABLE_DEBUG_INFO = NO;
				MTL_FAST_MATH = YES;
				SDKROOT = iphoneos;
				SWIFT_COMPILATION_MODE = wholemodule;
				SWIFT_OPTIMIZATION_LEVEL = "-O";
				VALIDATE_PRODUCT = YES;
			};
			name = Release;
		};
		8D319DB823EE29780084567E /* Debug */ = {
			isa = XCBuildConfiguration;
			buildSettings = {
				ASSETCATALOG_COMPILER_APPICON_NAME = AppIcon;
				CODE_SIGN_STYLE = Automatic;
				DEVELOPMENT_TEAM = K8Q7ZRVM27;
				INFOPLIST_FILE = DSU/Info.plist;
				LD_RUNPATH_SEARCH_PATHS = (
					"$(inherited)",
					"@executable_path/Frameworks",
				);
				PRODUCT_BUNDLE_IDENTIFIER = com.MobileComputing.DSU;
				PRODUCT_NAME = "$(TARGET_NAME)";
				SWIFT_VERSION = 5.0;
				TARGETED_DEVICE_FAMILY = "1,2";
			};
			name = Debug;
		};
		8D319DB923EE29780084567E /* Release */ = {
			isa = XCBuildConfiguration;
			buildSettings = {
				ASSETCATALOG_COMPILER_APPICON_NAME = AppIcon;
				CODE_SIGN_STYLE = Automatic;
				DEVELOPMENT_TEAM = K8Q7ZRVM27;
				INFOPLIST_FILE = DSU/Info.plist;
				LD_RUNPATH_SEARCH_PATHS = (
					"$(inherited)",
					"@executable_path/Frameworks",
				);
				PRODUCT_BUNDLE_IDENTIFIER = com.MobileComputing.DSU;
				PRODUCT_NAME = "$(TARGET_NAME)";
				SWIFT_VERSION = 5.0;
				TARGETED_DEVICE_FAMILY = "1,2";
			};
			name = Release;
		};
		8D319DBB23EE29780084567E /* Debug */ = {
			isa = XCBuildConfiguration;
			buildSettings = {
				ALWAYS_EMBED_SWIFT_STANDARD_LIBRARIES = YES;
				BUNDLE_LOADER = "$(TEST_HOST)";
				CODE_SIGN_STYLE = Automatic;
				DEVELOPMENT_TEAM = K8Q7ZRVM27;
				INFOPLIST_FILE = DSUTests/Info.plist;
				IPHONEOS_DEPLOYMENT_TARGET = 13.2;
				LD_RUNPATH_SEARCH_PATHS = (
					"$(inherited)",
					"@executable_path/Frameworks",
					"@loader_path/Frameworks",
				);
				PRODUCT_BUNDLE_IDENTIFIER = com.MobileComputing.DSUTests;
				PRODUCT_NAME = "$(TARGET_NAME)";
				SWIFT_VERSION = 5.0;
				TARGETED_DEVICE_FAMILY = "1,2";
				TEST_HOST = "$(BUILT_PRODUCTS_DIR)/DSU.app/DSU";
			};
			name = Debug;
		};
		8D319DBC23EE29780084567E /* Release */ = {
			isa = XCBuildConfiguration;
			buildSettings = {
				ALWAYS_EMBED_SWIFT_STANDARD_LIBRARIES = YES;
				BUNDLE_LOADER = "$(TEST_HOST)";
				CODE_SIGN_STYLE = Automatic;
				DEVELOPMENT_TEAM = K8Q7ZRVM27;
				INFOPLIST_FILE = DSUTests/Info.plist;
				IPHONEOS_DEPLOYMENT_TARGET = 13.2;
				LD_RUNPATH_SEARCH_PATHS = (
					"$(inherited)",
					"@executable_path/Frameworks",
					"@loader_path/Frameworks",
				);
				PRODUCT_BUNDLE_IDENTIFIER = com.MobileComputing.DSUTests;
				PRODUCT_NAME = "$(TARGET_NAME)";
				SWIFT_VERSION = 5.0;
				TARGETED_DEVICE_FAMILY = "1,2";
				TEST_HOST = "$(BUILT_PRODUCTS_DIR)/DSU.app/DSU";
			};
			name = Release;
		};
		8D319DBE23EE29780084567E /* Debug */ = {
			isa = XCBuildConfiguration;
			buildSettings = {
				ALWAYS_EMBED_SWIFT_STANDARD_LIBRARIES = YES;
				CODE_SIGN_STYLE = Automatic;
				DEVELOPMENT_TEAM = K8Q7ZRVM27;
				INFOPLIST_FILE = DSUUITests/Info.plist;
				LD_RUNPATH_SEARCH_PATHS = (
					"$(inherited)",
					"@executable_path/Frameworks",
					"@loader_path/Frameworks",
				);
				PRODUCT_BUNDLE_IDENTIFIER = com.MobileComputing.DSUUITests;
				PRODUCT_NAME = "$(TARGET_NAME)";
				SWIFT_VERSION = 5.0;
				TARGETED_DEVICE_FAMILY = "1,2";
				TEST_TARGET_NAME = DSU;
			};
			name = Debug;
		};
		8D319DBF23EE29780084567E /* Release */ = {
			isa = XCBuildConfiguration;
			buildSettings = {
				ALWAYS_EMBED_SWIFT_STANDARD_LIBRARIES = YES;
				CODE_SIGN_STYLE = Automatic;
				DEVELOPMENT_TEAM = K8Q7ZRVM27;
				INFOPLIST_FILE = DSUUITests/Info.plist;
				LD_RUNPATH_SEARCH_PATHS = (
					"$(inherited)",
					"@executable_path/Frameworks",
					"@loader_path/Frameworks",
				);
				PRODUCT_BUNDLE_IDENTIFIER = com.MobileComputing.DSUUITests;
				PRODUCT_NAME = "$(TARGET_NAME)";
				SWIFT_VERSION = 5.0;
				TARGETED_DEVICE_FAMILY = "1,2";
				TEST_TARGET_NAME = DSU;
			};
			name = Release;
		};
/* End XCBuildConfiguration section */

/* Begin XCConfigurationList section */
		8D319D8823EE29760084567E /* Build configuration list for PBXProject "DSU" */ = {
			isa = XCConfigurationList;
			buildConfigurations = (
				8D319DB523EE29780084567E /* Debug */,
				8D319DB623EE29780084567E /* Release */,
			);
			defaultConfigurationIsVisible = 0;
			defaultConfigurationName = Release;
		};
		8D319DB723EE29780084567E /* Build configuration list for PBXNativeTarget "DSU" */ = {
			isa = XCConfigurationList;
			buildConfigurations = (
				8D319DB823EE29780084567E /* Debug */,
				8D319DB923EE29780084567E /* Release */,
			);
			defaultConfigurationIsVisible = 0;
			defaultConfigurationName = Release;
		};
		8D319DBA23EE29780084567E /* Build configuration list for PBXNativeTarget "DSUTests" */ = {
			isa = XCConfigurationList;
			buildConfigurations = (
				8D319DBB23EE29780084567E /* Debug */,
				8D319DBC23EE29780084567E /* Release */,
			);
			defaultConfigurationIsVisible = 0;
			defaultConfigurationName = Release;
		};
		8D319DBD23EE29780084567E /* Build configuration list for PBXNativeTarget "DSUUITests" */ = {
			isa = XCConfigurationList;
			buildConfigurations = (
				8D319DBE23EE29780084567E /* Debug */,
				8D319DBF23EE29780084567E /* Release */,
			);
			defaultConfigurationIsVisible = 0;
			defaultConfigurationName = Release;
		};
/* End XCConfigurationList section */
	};
	rootObject = 8D319D8523EE29760084567E /* Project object */;
}
